
Microsoft Visual Studio Solution File, Format Version 12.00
# Visual Studio Version 17
VisualStudioVersion = 17.13.35806.99 d17.13
MinimumVisualStudioVersion = 10.0.40219.1
Project("{FAE04EC0-301F-11D3-BF4B-00C04F79EFBC}") = "DesafioApi", "DesafioApi.csproj", "{75E944E4-D0D9-4E44-BFCC-E3C69D951832}"
EndProject
Global
	GlobalSection(SolutionConfigurationPlatforms) = preSolution
		Debug|Any CPU = Debug|Any CPU
		Release|Any CPU = Release|Any CPU
	EndGlobalSection
	GlobalSection(ProjectConfigurationPlatforms) = postSolution
		{75E944E4-D0D9-4E44-BFCC-E3C69D951832}.Debug|Any CPU.ActiveCfg = Debug|Any CPU
		{75E944E4-D0D9-4E44-BFCC-E3C69D951832}.Debug|Any CPU.Build.0 = Debug|Any CPU
		{75E944E4-D0D9-4E44-BFCC-E3C69D951832}.Release|Any CPU.ActiveCfg = Release|Any CPU
		{75E944E4-D0D9-4E44-BFCC-E3C69D951832}.Release|Any CPU.Build.0 = Release|Any CPU
	EndGlobalSection
	GlobalSection(SolutionProperties) = preSolution
		HideSolutionNode = FALSE
	EndGlobalSection
	GlobalSection(ExtensibilityGlobals) = postSolution
		SolutionGuid = {39BCAB6D-34F4-4ECF-A493-BD9802A0E4C5}
	EndGlobalSection
EndGlobal
